// !$*UTF8*$!
{
	archiveVersion = 1;
	classes = {
	};
	objectVersion = 46;
	objects = {

/* Begin PBXBuildFile section */
		40CA252A19D72CD2004905C9 /* AppDelegate.swift in Sources */ = {isa = PBXBuildFile; fileRef = 40CA252919D72CD2004905C9 /* AppDelegate.swift */; };
		40CA252C19D72CD2004905C9 /* ViewController.swift in Sources */ = {isa = PBXBuildFile; fileRef = 40CA252B19D72CD2004905C9 /* ViewController.swift */; };
		40CA252F19D72CD2004905C9 /* Main.storyboard in Resources */ = {isa = PBXBuildFile; fileRef = 40CA252D19D72CD2004905C9 /* Main.storyboard */; };
		40CA253119D72CD2004905C9 /* Images.xcassets in Resources */ = {isa = PBXBuildFile; fileRef = 40CA253019D72CD2004905C9 /* Images.xcassets */; };
		40CA253419D72CD2004905C9 /* LaunchScreen.xib in Resources */ = {isa = PBXBuildFile; fileRef = 40CA253219D72CD2004905C9 /* LaunchScreen.xib */; };
		40CA254019D72CD2004905C9 /* PostcardTests.swift in Sources */ = {isa = PBXBuildFile; fileRef = 40CA253F19D72CD2004905C9 /* PostcardTests.swift */; };
		40CA254D19D76661004905C9 /* AlbertEinsteinStamp.jpg in Resources */ = {isa = PBXBuildFile; fileRef = 40CA254B19D76661004905C9 /* AlbertEinsteinStamp.jpg */; };
		40CA254E19D76661004905C9 /* SagradaFamilia.jpeg in Resources */ = {isa = PBXBuildFile; fileRef = 40CA254C19D76661004905C9 /* SagradaFamilia.jpeg */; };
/* End PBXBuildFile section */

/* Begin PBXContainerItemProxy section */
		40CA253A19D72CD2004905C9 /* PBXContainerItemProxy */ = {
			isa = PBXContainerItemProxy;
			containerPortal = 40CA251C19D72CD2004905C9 /* Project object */;
			proxyType = 1;
			remoteGlobalIDString = 40CA252319D72CD2004905C9;
			remoteInfo = Postcard;
		};
/* End PBXContainerItemProxy section */

/* Begin PBXFileReference section */
		40CA252419D72CD2004905C9 /* Postcard.app */ = {isa = PBXFileReference; explicitFileType = wrapper.application; includeInIndex = 0; path = Postcard.app; sourceTree = BUILT_PRODUCTS_DIR; };
		40CA252819D72CD2004905C9 /* Info.plist */ = {isa = PBXFileReference; lastKnownFileType = text.plist.xml; path = Info.plist; sourceTree = "<group>"; };
		40CA252919D72CD2004905C9 /* AppDelegate.swift */ = {isa = PBXFileReference; lastKnownFileType = sourcecode.swift; path = AppDelegate.swift; sourceTree = "<group>"; };
		40CA252B19D72CD2004905C9 /* ViewController.swift */ = {isa = PBXFileReference; lastKnownFileType = sourcecode.swift; path = ViewController.swift; sourceTree = "<group>"; };
		40CA252E19D72CD2004905C9 /* Base */ = {isa = PBXFileReference; lastKnownFileType = file.storyboard; name = Base; path = Base.lproj/Main.storyboard; sourceTree = "<group>"; };
		40CA253019D72CD2004905C9 /* Images.xcassets */ = {isa = PBXFileReference; lastKnownFileType = folder.assetcatalog; path = Images.xcassets; sourceTree = "<group>"; };
		40CA253319D72CD2004905C9 /* Base */ = {isa = PBXFileReference; lastKnownFileType = file.xib; name = Base; path = Base.lproj/LaunchScreen.xib; sourceTree = "<group>"; };
		40CA253919D72CD2004905C9 /* PostcardTests.xctest */ = {isa = PBXFileReference; explicitFileType = wrapper.cfbundle; includeInIndex = 0; path = PostcardTests.xctest; sourceTree = BUILT_PRODUCTS_DIR; };
		40CA253E19D72CD2004905C9 /* Info.plist */ = {isa = PBXFileReference; lastKnownFileType = text.plist.xml; path = Info.plist; sourceTree = "<group>"; };
		40CA253F19D72CD2004905C9 /* PostcardTests.swift */ = {isa = PBXFileReference; lastKnownFileType = sourcecode.swift; path = PostcardTests.swift; sourceTree = "<group>"; };
		40CA254B19D76661004905C9 /* AlbertEinsteinStamp.jpg */ = {isa = PBXFileReference; lastKnownFileType = image.jpeg; path = AlbertEinsteinStamp.jpg; sourceTree = "<group>"; };
		40CA254C19D76661004905C9 /* SagradaFamilia.jpeg */ = {isa = PBXFileReference; lastKnownFileType = image.jpeg; path = SagradaFamilia.jpeg; sourceTree = "<group>"; };
/* End PBXFileReference section */

/* Begin PBXFrameworksBuildPhase section */
		40CA252119D72CD2004905C9 /* Frameworks */ = {
			isa = PBXFrameworksBuildPhase;
			buildActionMask = 2147483647;
			files = (
			);
			runOnlyForDeploymentPostprocessing = 0;
		};
		40CA253619D72CD2004905C9 /* Frameworks */ = {
			isa = PBXFrameworksBuildPhase;
			buildActionMask = 2147483647;
			files = (
			);
			runOnlyForDeploymentPostprocessing = 0;
		};
/* End PBXFrameworksBuildPhase section */

/* Begin PBXGroup section */
		40CA251B19D72CD2004905C9 = {
			isa = PBXGroup;
			children = (
				40CA252619D72CD2004905C9 /* Postcard */,
				40CA253C19D72CD2004905C9 /* PostcardTests */,
				40CA252519D72CD2004905C9 /* Products */,
			);
			sourceTree = "<group>";
		};
		40CA252519D72CD2004905C9 /* Products */ = {
			isa = PBXGroup;
			children = (
				40CA252419D72CD2004905C9 /* Postcard.app */,
				40CA253919D72CD2004905C9 /* PostcardTests.xctest */,
			);
			name = Products;
			sourceTree = "<group>";
		};
		40CA252619D72CD2004905C9 /* Postcard */ = {
			isa = PBXGroup;
			children = (
				40CA252919D72CD2004905C9 /* AppDelegate.swift */,
				40CA252B19D72CD2004905C9 /* ViewController.swift */,
				40CA252D19D72CD2004905C9 /* Main.storyboard */,
				40CA253019D72CD2004905C9 /* Images.xcassets */,
				40CA253219D72CD2004905C9 /* LaunchScreen.xib */,
				40CA252719D72CD2004905C9 /* Supporting Files */,
			);
			path = Postcard;
			sourceTree = "<group>";
		};
		40CA252719D72CD2004905C9 /* Supporting Files */ = {
			isa = PBXGroup;
			children = (
				40CA254B19D76661004905C9 /* AlbertEinsteinStamp.jpg */,
				40CA254C19D76661004905C9 /* SagradaFamilia.jpeg */,
				40CA252819D72CD2004905C9 /* Info.plist */,
			);
			name = "Supporting Files";
			sourceTree = "<group>";
		};
		40CA253C19D72CD2004905C9 /* PostcardTests */ = {
			isa = PBXGroup;
			children = (
				40CA253F19D72CD2004905C9 /* PostcardTests.swift */,
				40CA253D19D72CD2004905C9 /* Supporting Files */,
			);
			path = PostcardTests;
			sourceTree = "<group>";
		};
		40CA253D19D72CD2004905C9 /* Supporting Files */ = {
			isa = PBXGroup;
			children = (
				40CA253E19D72CD2004905C9 /* Info.plist */,
			);
			name = "Supporting Files";
			sourceTree = "<group>";
		};
/* End PBXGroup section */

/* Begin PBXNativeTarget section */
		40CA252319D72CD2004905C9 /* Postcard */ = {
			isa = PBXNativeTarget;
			buildConfigurationList = 40CA254319D72CD2004905C9 /* Build configuration list for PBXNativeTarget "Postcard" */;
			buildPhases = (
				40CA252019D72CD2004905C9 /* Sources */,
				40CA252119D72CD2004905C9 /* Frameworks */,
				40CA252219D72CD2004905C9 /* Resources */,
			);
			buildRules = (
			);
			dependencies = (
			);
			name = Postcard;
			productName = Postcard;
			productReference = 40CA252419D72CD2004905C9 /* Postcard.app */;
			productType = "com.apple.product-type.application";
		};
		40CA253819D72CD2004905C9 /* PostcardTests */ = {
			isa = PBXNativeTarget;
			buildConfigurationList = 40CA254619D72CD2004905C9 /* Build configuration list for PBXNativeTarget "PostcardTests" */;
			buildPhases = (
				40CA253519D72CD2004905C9 /* Sources */,
				40CA253619D72CD2004905C9 /* Frameworks */,
				40CA253719D72CD2004905C9 /* Resources */,
			);
			buildRules = (
			);
			dependencies = (
				40CA253B19D72CD2004905C9 /* PBXTargetDependency */,
			);
			name = PostcardTests;
			productName = PostcardTests;
			productReference = 40CA253919D72CD2004905C9 /* PostcardTests.xctest */;
			productType = "com.apple.product-type.bundle.unit-test";
		};
/* End PBXNativeTarget section */

/* Begin PBXProject section */
		40CA251C19D72CD2004905C9 /* Project object */ = {
			isa = PBXProject;
			attributes = {
				LastUpgradeCheck = 0600;
				ORGANIZATIONNAME = "Qanta Media";
				TargetAttributes = {
					40CA252319D72CD2004905C9 = {
						CreatedOnToolsVersion = 6.0.1;
					};
					40CA253819D72CD2004905C9 = {
						CreatedOnToolsVersion = 6.0.1;
						TestTargetID = 40CA252319D72CD2004905C9;
					};
				};
			};
			buildConfigurationList = 40CA251F19D72CD2004905C9 /* Build configuration list for PBXProject "Postcard" */;
			compatibilityVersion = "Xcode 3.2";
			developmentRegion = English;
			hasScannedForEncodings = 0;
			knownRegions = (
				en,
				Base,
			);
			mainGroup = 40CA251B19D72CD2004905C9;
			productRefGroup = 40CA252519D72CD2004905C9 /* Products */;
			projectDirPath = "";
			projectRoot = "";
			targets = (
				40CA252319D72CD2004905C9 /* Postcard */,
				40CA253819D72CD2004905C9 /* PostcardTests */,
			);
		};
/* End PBXProject section */

/* Begin PBXResourcesBuildPhase section */
		40CA252219D72CD2004905C9 /* Resources */ = {
			isa = PBXResourcesBuildPhase;
			buildActionMask = 2147483647;
			files = (
				40CA254D19D76661004905C9 /* AlbertEinsteinStamp.jpg in Resources */,
				40CA252F19D72CD2004905C9 /* Main.storyboard in Resources */,
				40CA253419D72CD2004905C9 /* LaunchScreen.xib in Resources */,
				40CA253119D72CD2004905C9 /* Images.xcassets in Resources */,
				40CA254E19D76661004905C9 /* SagradaFamilia.jpeg in Resources */,
			);
			runOnlyForDeploymentPostprocessing = 0;
		};
		40CA253719D72CD2004905C9 /* Resources */ = {
			isa = PBXResourcesBuildPhase;
			buildActionMask = 2147483647;
			files = (
			);
			runOnlyForDeploymentPostprocessing = 0;
		};
/* End PBXResourcesBuildPhase section */

/* Begin PBXSourcesBuildPhase section */
		40CA252019D72CD2004905C9 /* Sources */ = {
			isa = PBXSourcesBuildPhase;
			buildActionMask = 2147483647;
			files = (
				40CA252C19D72CD2004905C9 /* ViewController.swift in Sources */,
				40CA252A19D72CD2004905C9 /* AppDelegate.swift in Sources */,
			);
			runOnlyForDeploymentPostprocessing = 0;
		};
		40CA253519D72CD2004905C9 /* Sources */ = {
			isa = PBXSourcesBuildPhase;
			buildActionMask = 2147483647;
			files = (
				40CA254019D72CD2004905C9 /* PostcardTests.swift in Sources */,
			);
			runOnlyForDeploymentPostprocessing = 0;
		};
/* End PBXSourcesBuildPhase section */

/* Begin PBXTargetDependency section */
		40CA253B19D72CD2004905C9 /* PBXTargetDependency */ = {
			isa = PBXTargetDependency;
			target = 40CA252319D72CD2004905C9 /* Postcard */;
			targetProxy = 40CA253A19D72CD2004905C9 /* PBXContainerItemProxy */;
		};
/* End PBXTargetDependency section */

/* Begin PBXVariantGroup section */
		40CA252D19D72CD2004905C9 /* Main.storyboard */ = {
			isa = PBXVariantGroup;
			children = (
				40CA252E19D72CD2004905C9 /* Base */,
			);
			name = Main.storyboard;
			sourceTree = "<group>";
		};
		40CA253219D72CD2004905C9 /* LaunchScreen.xib */ = {
			isa = PBXVariantGroup;
			children = (
				40CA253319D72CD2004905C9 /* Base */,
			);
			name = LaunchScreen.xib;
			sourceTree = "<group>";
		};
/* End PBXVariantGroup section */

/* Begin XCBuildConfiguration section */
		40CA254119D72CD2004905C9 /* Debug */ = {
			isa = XCBuildConfiguration;
			buildSettings = {
				ALWAYS_SEARCH_USER_PATHS = NO;
				CLANG_CXX_LANGUAGE_STANDARD = "gnu++0x";
				CLANG_CXX_LIBRARY = "libc++";
				CLANG_ENABLE_MODULES = YES;
				CLANG_ENABLE_OBJC_ARC = YES;
				CLANG_WARN_BOOL_CONVERSION = YES;
				CLANG_WARN_CONSTANT_CONVERSION = YES;
				CLANG_WARN_DIRECT_OBJC_ISA_USAGE = YES_ERROR;
				CLANG_WARN_EMPTY_BODY = YES;
				CLANG_WARN_ENUM_CONVERSION = YES;
				CLANG_WARN_INT_CONVERSION = YES;
				CLANG_WARN_OBJC_ROOT_CLASS = YES_ERROR;
				CLANG_WARN_UNREACHABLE_CODE = YES;
				CLANG_WARN__DUPLICATE_METHOD_MATCH = YES;
				"CODE_SIGN_IDENTITY[sdk=iphoneos*]" = "iPhone Developer";
				COPY_PHASE_STRIP = NO;
				ENABLE_STRICT_OBJC_MSGSEND = YES;
				GCC_C_LANGUAGE_STANDARD = gnu99;
				GCC_DYNAMIC_NO_PIC = NO;
				GCC_OPTIMIZATION_LEVEL = 0;
				GCC_PREPROCESSOR_DEFINITIONS = (
					"DEBUG=1",
					"$(inherited)",
				);
				GCC_SYMBOLS_PRIVATE_EXTERN = NO;
				GCC_WARN_64_TO_32_BIT_CONVERSION = YES;
				GCC_WARN_ABOUT_RETURN_TYPE = YES_ERROR;
				GCC_WARN_UNDECLARED_SELECTOR = YES;
				GCC_WARN_UNINITIALIZED_AUTOS = YES_AGGRESSIVE;
				GCC_WARN_UNUSED_FUNCTION = YES;
				GCC_WARN_UNUSED_VARIABLE = YES;
				IPHONEOS_DEPLOYMENT_TARGET = 8.0;
				MTL_ENABLE_DEBUG_INFO = YES;
				ONLY_ACTIVE_ARCH = YES;
				SDKROOT = iphoneos;
				SWIFT_OPTIMIZATION_LEVEL = "-Onone";
			};
			name = Debug;
		};
		40CA254219D72CD2004905C9 /* Release */ = {
			isa = XCBuildConfiguration;
			buildSettings = {
				ALWAYS_SEARCH_USER_PATHS = NO;
				CLANG_CXX_LANGUAGE_STANDARD = "gnu++0x";
				CLANG_CXX_LIBRARY = "libc++";
				CLANG_ENABLE_MODULES = YES;
				CLANG_ENABLE_OBJC_ARC = YES;
				CLANG_WARN_BOOL_CONVERSION = YES;
				CLANG_WARN_CONSTANT_CONVERSION = YES;
				CLANG_WARN_DIRECT_OBJC_ISA_USAGE = YES_ERROR;
				CLANG_WARN_EMPTY_BODY = YES;
				CLANG_WARN_ENUM_CONVERSION = YES;
				CLANG_WARN_INT_CONVERSION = YES;
				CLANG_WARN_OBJC_ROOT_CLASS = YES_ERROR;
				CLANG_WARN_UNREACHABLE_CODE = YES;
				CLANG_WARN__DUPLICATE_METHOD_MATCH = YES;
				"CODE_SIGN_IDENTITY[sdk=iphoneos*]" = "iPhone Developer";
				COPY_PHASE_STRIP = YES;
				ENABLE_NS_ASSERTIONS = NO;
				ENABLE_STRICT_OBJC_MSGSEND = YES;
				GCC_C_LANGUAGE_STANDARD = gnu99;
				GCC_WARN_64_TO_32_BIT_CONVERSION = YES;
				GCC_WARN_ABOUT_RETURN_TYPE = YES_ERROR;
				GCC_WARN_UNDECLARED_SELECTOR = YES;
				GCC_WARN_UNINITIALIZED_AUTOS = YES_AGGRESSIVE;
				GCC_WARN_UNUSED_FUNCTION = YES;
				GCC_WARN_UNUSED_VARIABLE = YES;
				IPHONEOS_DEPLOYMENT_TARGET = 8.0;
				MTL_ENABLE_DEBUG_INFO = NO;
				SDKROOT = iphoneos;
				VALIDATE_PRODUCT = YES;
			};
			name = Release;
		};
		40CA254419D72CD2004905C9 /* Debug */ = {
			isa = XCBuildConfiguration;
			buildSettings = {
				ASSETCATALOG_COMPILER_APPICON_NAME = AppIcon;
				INFOPLIST_FILE = Postcard/Info.plist;
				LD_RUNPATH_SEARCH_PATHS = "$(inherited) @executable_path/Frameworks";
				PRODUCT_NAME = "$(TARGET_NAME)";
			};
			name = Debug;
		};
		40CA254519D72CD2004905C9 /* Release */ = {
			isa = XCBuildConfiguration;
			buildSettings = {
				ASSETCATALOG_COMPILER_APPICON_NAME = AppIcon;
				INFOPLIST_FILE = Postcard/Info.plist;
				LD_RUNPATH_SEARCH_PATHS = "$(inherited) @executable_path/Frameworks";
				PRODUCT_NAME = "$(TARGET_NAME)";
			};
			name = Release;
		};
		40CA254719D72CD2004905C9 /* Debug */ = {
			isa = XCBuildConfiguration;
			buildSettings = {
				BUNDLE_LOADER = "$(TEST_HOST)";
				FRAMEWORK_SEARCH_PATHS = (
					"$(SDKROOT)/Developer/Library/Frameworks",
					"$(inherited)",
				);
				GCC_PREPROCESSOR_DEFINITIONS = (
					"DEBUG=1",
					"$(inherited)",
				);
				INFOPLIST_FILE = PostcardTests/Info.plist;
				LD_RUNPATH_SEARCH_PATHS = "$(inherited) @executable_path/Frameworks @loader_path/Frameworks";
				PRODUCT_NAME = "$(TARGET_NAME)";
				TEST_HOST = "$(BUILT_PRODUCTS_DIR)/Postcard.app/Postcard";
			};
			name = Debug;
		};
		40CA254819D72CD2004905C9 /* Release */ = {
			isa = XCBuildConfiguration;
			buildSettings = {
				BUNDLE_LOADER = "$(TEST_HOST)";
				FRAMEWORK_SEARCH_PATHS = (
					"$(SDKROOT)/Developer/Library/Frameworks",
					"$(inherited)",
				);
				INFOPLIST_FILE = PostcardTests/Info.plist;
				LD_RUNPATH_SEARCH_PATHS = "$(inherited) @executable_path/Frameworks @loader_path/Frameworks";
				PRODUCT_NAME = "$(TARGET_NAME)";
				TEST_HOST = "$(BUILT_PRODUCTS_DIR)/Postcard.app/Postcard";
			};
			name = Release;
		};
/* End XCBuildConfiguration section */

/* Begin XCConfigurationList section */
		40CA251F19D72CD2004905C9 /* Build configuration list for PBXProject "Postcard" */ = {
			isa = XCConfigurationList;
			buildConfigurations = (
				40CA254119D72CD2004905C9 /* Debug */,
				40CA254219D72CD2004905C9 /* Release */,
			);
			defaultConfigurationIsVisible = 0;
			defaultConfigurationName = Release;
		};
		40CA254319D72CD2004905C9 /* Build configuration list for PBXNativeTarget "Postcard" */ = {
			isa = XCConfigurationList;
			buildConfigurations = (
				40CA254419D72CD2004905C9 /* Debug */,
				40CA254519D72CD2004905C9 /* Release */,
			);
			defaultConfigurationIsVisible = 0;
		};
		40CA254619D72CD2004905C9 /* Build configuration list for PBXNativeTarget "PostcardTests" */ = {
			isa = XCConfigurationList;
			buildConfigurations = (
				40CA254719D72CD2004905C9 /* Debug */,
				40CA254819D72CD2004905C9 /* Release */,
			);
			defaultConfigurationIsVisible = 0;
		};
/* End XCConfigurationList section */
	};
	rootObject = 40CA251C19D72CD2004905C9 /* Project object */;
}
